// !$*UTF8*$!
{
	archiveVersion = 1;
	classes = {
	};
	objectVersion = 56;
	objects = {

/* Begin PBXBuildFile section */
		B100000000000000000001 /* AppDelegate.swift in Sources */ = {isa = PBXBuildFile; fileRef = F100000000000000000001 /* AppDelegate.swift */; };
		B100000000000000000002 /* SceneDelegate.swift in Sources */ = {isa = PBXBuildFile; fileRef = F100000000000000000002 /* SceneDelegate.swift */; };
		B100000000000000000003 /* Router.swift in Sources */ = {isa = PBXBuildFile; fileRef = F100000000000000000003 /* Router.swift */; };
		B100000000000000000004 /* CameraViewController.swift in Sources */ = {isa = PBXBuildFile; fileRef = F100000000000000000004 /* CameraViewController.swift */; };
		B100000000000000000007 /* ImageTensorUtils.swift in Sources */ = {isa = PBXBuildFile; fileRef = F100000000000000000007 /* ImageTensorUtils.swift */; };
		B100000000000000000008 /* MattingEngine.swift in Sources */ = {isa = PBXBuildFile; fileRef = F100000000000000000008 /* MattingEngine.swift */; };
		B100000000000000000009 /* CloudAPI.swift in Sources */ = {isa = PBXBuildFile; fileRef = F100000000000000000009 /* CloudAPI.swift */; };
		B10000000000000000000A /* NutritionDB.swift in Sources */ = {isa = PBXBuildFile; fileRef = F10000000000000000000A /* NutritionDB.swift */; };
		B10000000000000000000E /* AppDataStore.swift in Sources */ = {isa = PBXBuildFile; fileRef = F10000000000000000000E /* AppDataStore.swift */; };
		B10000000000000000000F /* MainTabBarController.swift in Sources */ = {isa = PBXBuildFile; fileRef = F10000000000000000000F /* MainTabBarController.swift */; };
		B100000000000000000010 /* HomeViewController.swift in Sources */ = {isa = PBXBuildFile; fileRef = F100000000000000000010 /* HomeViewController.swift */; };
		B100000000000000000011 /* PKViewController.swift in Sources */ = {isa = PBXBuildFile; fileRef = F100000000000000000011 /* PKViewController.swift */; };
		B100000000000000000012 /* CardViewController.swift in Sources */ = {isa = PBXBuildFile; fileRef = F100000000000000000012 /* CardViewController.swift */; };
		B100000000000000000013 /* ProfileViewController.swift in Sources */ = {isa = PBXBuildFile; fileRef = F100000000000000000013 /* ProfileViewController.swift */; };
		B100000000000000000014 /* RecordViewController.swift in Sources */ = {isa = PBXBuildFile; fileRef = F100000000000000000014 /* RecordViewController.swift */; };
		B100000000000000000015 /* StomachViewController.swift in Sources */ = {isa = PBXBuildFile; fileRef = F100000000000000000015 /* StomachViewController.swift */; };
		B100000000000000000016 /* HomeDesignTokens.swift in Sources */ = {isa = PBXBuildFile; fileRef = F100000000000000000016 /* HomeDesignTokens.swift */; };
		B100000000000000000017 /* TopBarView.swift in Sources */ = {isa = PBXBuildFile; fileRef = F100000000000000000017 /* TopBarView.swift */; };
		B100000000000000000018 /* PKCardView.swift in Sources */ = {isa = PBXBuildFile; fileRef = F100000000000000000018 /* PKCardView.swift */; };
		B100000000000000000019 /* CalorieCardView.swift in Sources */ = {isa = PBXBuildFile; fileRef = F100000000000000000019 /* CalorieCardView.swift */; };
		B10000000000000000001A /* ActionRowView.swift in Sources */ = {isa = PBXBuildFile; fileRef = F10000000000000000001A /* ActionRowView.swift */; };
		B10000000000000000001B /* SharedViews.swift in Sources */ = {isa = PBXBuildFile; fileRef = F10000000000000000001B /* SharedViews.swift */; };
		B10000000000000000001C /* WeightRowView.swift in Sources */ = {isa = PBXBuildFile; fileRef = F10000000000000000001C /* WeightRowView.swift */; };
		B10000000000000000001D /* HomeView.swift in Sources */ = {isa = PBXBuildFile; fileRef = F10000000000000000001D /* HomeView.swift */; };
		B10000000000000000001E /* LucideIcons.swift in Sources */ = {isa = PBXBuildFile; fileRef = F10000000000000000001E /* LucideIcons.swift */; };
		B10000000000000000001F /* HomeModals.swift in Sources */ = {isa = PBXBuildFile; fileRef = F10000000000000000001F /* HomeModals.swift */; };
		B100000000000000000020 /* CardPage.swift in Sources */ = {isa = PBXBuildFile; fileRef = F100000000000000000020 /* CardPage.swift */; };
		B100000000000000000021 /* PKPage.swift in Sources */ = {isa = PBXBuildFile; fileRef = F100000000000000000021 /* PKPage.swift */; };
		B100000000000000000022 /* AppFont.swift in Sources */ = {isa = PBXBuildFile; fileRef = F100000000000000000022 /* AppFont.swift */; };
		B100000000000000000023 /* CameraPage.swift in Sources */ = {isa = PBXBuildFile; fileRef = F100000000000000000023 /* CameraPage.swift */; };
		B200000000000000000001 /* Assets.xcassets in Resources */ = {isa = PBXBuildFile; fileRef = F200000000000000000001 /* Assets.xcassets */; };
		B200000000000000000002 /* LaunchScreen.storyboard in Resources */ = {isa = PBXBuildFile; fileRef = F200000000000000000002 /* LaunchScreen.storyboard */; };
		B200000000000000000005 /* MobileSAMDecoder.mlpackage in Resources */ = {isa = PBXBuildFile; fileRef = F200000000000000000006 /* MobileSAMDecoder.mlpackage */; };
		B200000000000000000006 /* MobileSAMEncoder.mlpackage in Resources */ = {isa = PBXBuildFile; fileRef = F200000000000000000007 /* MobileSAMEncoder.mlpackage */; };
		B200000000000000000008 /* nutrition.db in Resources */ = {isa = PBXBuildFile; fileRef = F200000000000000000009 /* nutrition.db */; };
		B200000000000000000009 /* SourceSerif4-Regular.ttf in Resources */ = {isa = PBXBuildFile; fileRef = F20000000000000000000A /* SourceSerif4-Regular.ttf */; };
		B20000000000000000000A /* SourceSerif4-Semibold.ttf in Resources */ = {isa = PBXBuildFile; fileRef = F20000000000000000000B /* SourceSerif4-Semibold.ttf */; };
		B20000000000000000000B /* SourceSerif4-Bold.ttf in Resources */ = {isa = PBXBuildFile; fileRef = F20000000000000000000C /* SourceSerif4-Bold.ttf */; };
		B20000000000000000000C /* Inter-Variable.ttf in Resources */ = {isa = PBXBuildFile; fileRef = F20000000000000000000D /* Inter-Variable.ttf */; };
		B20000000000000000000D /* NotoSansSC-Variable.ttf in Resources */ = {isa = PBXBuildFile; fileRef = F20000000000000000000E /* NotoSansSC-Variable.ttf */; };
		B20000000000000000000E /* NotoSerifSC-Regular.ttf in Resources */ = {isa = PBXBuildFile; fileRef = F20000000000000000000F /* NotoSerifSC-Regular.ttf */; };
		B20000000000000000000F /* NotoSerifSC-Bold.ttf in Resources */ = {isa = PBXBuildFile; fileRef = F200000000000000000010 /* NotoSerifSC-Bold.ttf */; };
		B400000000000000000001 /* AuthModels.swift in Sources */ = {isa = PBXBuildFile; fileRef = F400000000000000000001 /* AuthModels.swift */; };
		B400000000000000000002 /* MockAuthProvider.swift in Sources */ = {isa = PBXBuildFile; fileRef = F400000000000000000002 /* MockAuthProvider.swift */; };
		B400000000000000000003 /* AuthService.swift in Sources */ = {isa = PBXBuildFile; fileRef = F400000000000000000003 /* AuthService.swift */; };
		B400000000000000000004 /* AuthCoordinator.swift in Sources */ = {isa = PBXBuildFile; fileRef = F400000000000000000004 /* AuthCoordinator.swift */; };
		B400000000000000000005 /* AuthGateViewController.swift in Sources */ = {isa = PBXBuildFile; fileRef = F400000000000000000005 /* AuthGateViewController.swift */; };
		B400000000000000000006 /* RegisterViewController.swift in Sources */ = {isa = PBXBuildFile; fileRef = F400000000000000000006 /* RegisterViewController.swift */; };
		B400000000000000000007 /* QRCoder.swift in Sources */ = {isa = PBXBuildFile; fileRef = F400000000000000000007 /* QRCoder.swift */; };
		B400000000000000000008 /* QRScannerViewController.swift in Sources */ = {isa = PBXBuildFile; fileRef = F400000000000000000008 /* QRScannerViewController.swift */; };
		B400000000000000000009 /* MyQRCodeViewController.swift in Sources */ = {isa = PBXBuildFile; fileRef = F400000000000000000009 /* MyQRCodeViewController.swift */; };
		B40000000000000000000A /* PKRelationService.swift in Sources */ = {isa = PBXBuildFile; fileRef = F40000000000000000000A /* PKRelationService.swift */; };
		B40000000000000000000B /* PKBindingCoordinator.swift in Sources */ = {isa = PBXBuildFile; fileRef = F40000000000000000000B /* PKBindingCoordinator.swift */; };
		B410000000000000000001 /* AvatarStore.swift in Sources */ = {isa = PBXBuildFile; fileRef = F410000000000000000001 /* AvatarStore.swift */; };
		B410000000000000000002 /* AvatarView.swift in Sources */ = {isa = PBXBuildFile; fileRef = F410000000000000000002 /* AvatarView.swift */; };
		B410000000000000000003 /* ProfileView.swift in Sources */ = {isa = PBXBuildFile; fileRef = F410000000000000000003 /* ProfileView.swift */; };
		B410000000000000000010 /* ProfileStore.swift in Sources */ = {isa = PBXBuildFile; fileRef = F410000000000000000010 /* ProfileStore.swift */; };
		B410000000000000000011 /* GoalView.swift in Sources */ = {isa = PBXBuildFile; fileRef = F410000000000000000011 /* GoalView.swift */; };
		B410000000000000000012 /* WeightTrendView.swift in Sources */ = {isa = PBXBuildFile; fileRef = F410000000000000000012 /* WeightTrendView.swift */; };
		B410000000000000000013 /* AchievementView.swift in Sources */ = {isa = PBXBuildFile; fileRef = F410000000000000000013 /* AchievementView.swift */; };
		B410000000000000000014 /* WorkoutPlanView.swift in Sources */ = {isa = PBXBuildFile; fileRef = F410000000000000000014 /* WorkoutPlanView.swift */; };
		B410000000000000000015 /* ReminderView.swift in Sources */ = {isa = PBXBuildFile; fileRef = F410000000000000000015 /* ReminderView.swift */; };
		B410000000000000000016 /* AccountSettingsView.swift in Sources */ = {isa = PBXBuildFile; fileRef = F410000000000000000016 /* AccountSettingsView.swift */; };
		B700000000000000000001 /* RepositoryProtocol.swift in Sources */ = {isa = PBXBuildFile; fileRef = F700000000000000000001 /* RepositoryProtocol.swift */; };
		B700000000000000000002 /* MockRepository.swift in Sources */ = {isa = PBXBuildFile; fileRef = F700000000000000000002 /* MockRepository.swift */; };
		B700000000000000000003 /* RemoteRepository.swift in Sources */ = {isa = PBXBuildFile; fileRef = F700000000000000000003 /* RemoteRepository.swift */; };
		X1A0000000000000000A0 /* FoodNutritionModel.swift in Sources */ = {isa = PBXBuildFile; fileRef = X2A0000000000000000A0 /* FoodNutritionModel.swift */; };
		X1A0000000000000000A1 /* VisionSegmentationHelper.swift in Sources */ = {isa = PBXBuildFile; fileRef = X2A0000000000000000A1 /* VisionSegmentationHelper.swift */; };
		X1A0000000000000000A2 /* FoodNutritionService.swift in Sources */ = {isa = PBXBuildFile; fileRef = X2A0000000000000000A2 /* FoodNutritionService.swift */; };
		X1A0000000000000000A3 /* EmojiStickerGenerator.swift in Sources */ = {isa = PBXBuildFile; fileRef = X2A0000000000000000A3 /* EmojiStickerGenerator.swift */; };
		X1A0000000000000000A4 /* FoodStickerCaptureProcessor.swift in Sources */ = {isa = PBXBuildFile; fileRef = X2A0000000000000000A4 /* FoodStickerCaptureProcessor.swift */; };
		X1A0000000000000000A5 /* FoodStickerResultViewController.swift in Sources */ = {isa = PBXBuildFile; fileRef = X2A0000000000000000A5 /* FoodStickerResultViewController.swift */; };
		X1A0000000000000000A6 /* StickerResultView.swift in Sources */ = {isa = PBXBuildFile; fileRef = X2A0000000000000000A6 /* StickerResultView.swift */; };
/* End PBXBuildFile section */

/* Begin PBXFileReference section */
		F100000000000000000001 /* AppDelegate.swift */ = {isa = PBXFileReference; lastKnownFileType = sourcecode.swift; path = AppDelegate.swift; sourceTree = "<group>"; };
		F100000000000000000002 /* SceneDelegate.swift */ = {isa = PBXFileReference; lastKnownFileType = sourcecode.swift; path = SceneDelegate.swift; sourceTree = "<group>"; };
		F100000000000000000003 /* Router.swift */ = {isa = PBXFileReference; lastKnownFileType = sourcecode.swift; path = Router.swift; sourceTree = "<group>"; };
		F100000000000000000004 /* CameraViewController.swift */ = {isa = PBXFileReference; lastKnownFileType = sourcecode.swift; path = CameraViewController.swift; sourceTree = "<group>"; };
		F100000000000000000007 /* ImageTensorUtils.swift */ = {isa = PBXFileReference; lastKnownFileType = sourcecode.swift; path = ImageTensorUtils.swift; sourceTree = "<group>"; };
		F100000000000000000008 /* MattingEngine.swift */ = {isa = PBXFileReference; lastKnownFileType = sourcecode.swift; path = MattingEngine.swift; sourceTree = "<group>"; };
		F100000000000000000009 /* CloudAPI.swift */ = {isa = PBXFileReference; lastKnownFileType = sourcecode.swift; path = CloudAPI.swift; sourceTree = "<group>"; };
		F10000000000000000000A /* NutritionDB.swift */ = {isa = PBXFileReference; lastKnownFileType = sourcecode.swift; path = NutritionDB.swift; sourceTree = "<group>"; };
		F10000000000000000000E /* AppDataStore.swift */ = {isa = PBXFileReference; lastKnownFileType = sourcecode.swift; path = AppDataStore.swift; sourceTree = "<group>"; };
		F10000000000000000000F /* MainTabBarController.swift */ = {isa = PBXFileReference; lastKnownFileType = sourcecode.swift; path = MainTabBarController.swift; sourceTree = "<group>"; };
		F100000000000000000010 /* HomeViewController.swift */ = {isa = PBXFileReference; lastKnownFileType = sourcecode.swift; path = HomeViewController.swift; sourceTree = "<group>"; };
		F100000000000000000011 /* PKViewController.swift */ = {isa = PBXFileReference; lastKnownFileType = sourcecode.swift; path = PKViewController.swift; sourceTree = "<group>"; };
		F100000000000000000012 /* CardViewController.swift */ = {isa = PBXFileReference; lastKnownFileType = sourcecode.swift; path = CardViewController.swift; sourceTree = "<group>"; };
		F100000000000000000013 /* ProfileViewController.swift */ = {isa = PBXFileReference; lastKnownFileType = sourcecode.swift; path = ProfileViewController.swift; sourceTree = "<group>"; };
		F100000000000000000014 /* RecordViewController.swift */ = {isa = PBXFileReference; lastKnownFileType = sourcecode.swift; path = RecordViewController.swift; sourceTree = "<group>"; };
		F100000000000000000015 /* StomachViewController.swift */ = {isa = PBXFileReference; lastKnownFileType = sourcecode.swift; path = StomachViewController.swift; sourceTree = "<group>"; };
		F100000000000000000016 /* HomeDesignTokens.swift */ = {isa = PBXFileReference; lastKnownFileType = sourcecode.swift; path = HomeDesignTokens.swift; sourceTree = "<group>"; };
		F100000000000000000017 /* TopBarView.swift */ = {isa = PBXFileReference; lastKnownFileType = sourcecode.swift; path = TopBarView.swift; sourceTree = "<group>"; };
		F100000000000000000018 /* PKCardView.swift */ = {isa = PBXFileReference; lastKnownFileType = sourcecode.swift; path = PKCardView.swift; sourceTree = "<group>"; };
		F100000000000000000019 /* CalorieCardView.swift */ = {isa = PBXFileReference; lastKnownFileType = sourcecode.swift; path = CalorieCardView.swift; sourceTree = "<group>"; };
		F10000000000000000001A /* ActionRowView.swift */ = {isa = PBXFileReference; lastKnownFileType = sourcecode.swift; path = ActionRowView.swift; sourceTree = "<group>"; };
		F10000000000000000001B /* SharedViews.swift */ = {isa = PBXFileReference; lastKnownFileType = sourcecode.swift; path = SharedViews.swift; sourceTree = "<group>"; };
		F10000000000000000001C /* WeightRowView.swift */ = {isa = PBXFileReference; lastKnownFileType = sourcecode.swift; path = WeightRowView.swift; sourceTree = "<group>"; };
		F10000000000000000001D /* HomeView.swift */ = {isa = PBXFileReference; lastKnownFileType = sourcecode.swift; path = HomeView.swift; sourceTree = "<group>"; };
		F10000000000000000001E /* LucideIcons.swift */ = {isa = PBXFileReference; lastKnownFileType = sourcecode.swift; path = LucideIcons.swift; sourceTree = "<group>"; };
		F10000000000000000001F /* HomeModals.swift */ = {isa = PBXFileReference; lastKnownFileType = sourcecode.swift; path = HomeModals.swift; sourceTree = "<group>"; };
		F100000000000000000020 /* CardPage.swift */ = {isa = PBXFileReference; lastKnownFileType = sourcecode.swift; path = CardPage.swift; sourceTree = "<group>"; };
		F100000000000000000021 /* PKPage.swift */ = {isa = PBXFileReference; lastKnownFileType = sourcecode.swift; path = PKPage.swift; sourceTree = "<group>"; };
		F100000000000000000022 /* AppFont.swift */ = {isa = PBXFileReference; lastKnownFileType = sourcecode.swift; path = AppFont.swift; sourceTree = "<group>"; };
		F100000000000000000023 /* CameraPage.swift */ = {isa = PBXFileReference; lastKnownFileType = sourcecode.swift; path = CameraPage.swift; sourceTree = "<group>"; };
		F200000000000000000001 /* Assets.xcassets */ = {isa = PBXFileReference; lastKnownFileType = folder.assetcatalog; path = Assets.xcassets; sourceTree = "<group>"; };
		F200000000000000000002 /* LaunchScreen.storyboard */ = {isa = PBXFileReference; lastKnownFileType = file.storyboard; path = LaunchScreen.storyboard; sourceTree = "<group>"; };
		F200000000000000000003 /* Info.plist */ = {isa = PBXFileReference; lastKnownFileType = text.plist.xml; path = Info.plist; sourceTree = "<group>"; };
		F200000000000000000006 /* MobileSAMDecoder.mlpackage */ = {isa = PBXFileReference; lastKnownFileType = wrapper; path = MobileSAMDecoder.mlpackage; sourceTree = "<group>"; };
		F200000000000000000007 /* MobileSAMEncoder.mlpackage */ = {isa = PBXFileReference; lastKnownFileType = wrapper; path = MobileSAMEncoder.mlpackage; sourceTree = "<group>"; };
		F200000000000000000009 /* nutrition.db */ = {isa = PBXFileReference; lastKnownFileType = file; path = nutrition.db; sourceTree = "<group>"; };
		F20000000000000000000A /* SourceSerif4-Regular.ttf */ = {isa = PBXFileReference; lastKnownFileType = file; path = "SourceSerif4-Regular.ttf"; sourceTree = "<group>"; };
		F20000000000000000000B /* SourceSerif4-Semibold.ttf */ = {isa = PBXFileReference; lastKnownFileType = file; path = "SourceSerif4-Semibold.ttf"; sourceTree = "<group>"; };
		F20000000000000000000C /* SourceSerif4-Bold.ttf */ = {isa = PBXFileReference; lastKnownFileType = file; path = "SourceSerif4-Bold.ttf"; sourceTree = "<group>"; };
		F20000000000000000000D /* Inter-Variable.ttf */ = {isa = PBXFileReference; lastKnownFileType = file; path = "Inter-Variable.ttf"; sourceTree = "<group>"; };
		F20000000000000000000E /* NotoSansSC-Variable.ttf */ = {isa = PBXFileReference; lastKnownFileType = file; path = "NotoSansSC-Variable.ttf"; sourceTree = "<group>"; };
		F20000000000000000000F /* NotoSerifSC-Regular.ttf */ = {isa = PBXFileReference; lastKnownFileType = file; path = "NotoSerifSC-Regular.ttf"; sourceTree = "<group>"; };
		F200000000000000000010 /* NotoSerifSC-Bold.ttf */ = {isa = PBXFileReference; lastKnownFileType = file; path = "NotoSerifSC-Bold.ttf"; sourceTree = "<group>"; };
		F300000000000000000001 /* FoodStickerApp.app */ = {isa = PBXFileReference; explicitFileType = wrapper.application; includeInIndex = 0; path = FoodStickerApp.app; sourceTree = BUILT_PRODUCTS_DIR; };
		F400000000000000000001 /* AuthModels.swift */ = {isa = PBXFileReference; lastKnownFileType = sourcecode.swift; path = AuthModels.swift; sourceTree = "<group>"; };
		F400000000000000000002 /* MockAuthProvider.swift */ = {isa = PBXFileReference; lastKnownFileType = sourcecode.swift; path = MockAuthProvider.swift; sourceTree = "<group>"; };
		F400000000000000000003 /* AuthService.swift */ = {isa = PBXFileReference; lastKnownFileType = sourcecode.swift; path = AuthService.swift; sourceTree = "<group>"; };
		F400000000000000000004 /* AuthCoordinator.swift */ = {isa = PBXFileReference; lastKnownFileType = sourcecode.swift; path = AuthCoordinator.swift; sourceTree = "<group>"; };
		F400000000000000000005 /* AuthGateViewController.swift */ = {isa = PBXFileReference; lastKnownFileType = sourcecode.swift; path = AuthGateViewController.swift; sourceTree = "<group>"; };
		F400000000000000000006 /* RegisterViewController.swift */ = {isa = PBXFileReference; lastKnownFileType = sourcecode.swift; path = RegisterViewController.swift; sourceTree = "<group>"; };
		F400000000000000000007 /* QRCoder.swift */ = {isa = PBXFileReference; lastKnownFileType = sourcecode.swift; path = QRCoder.swift; sourceTree = "<group>"; };
		F400000000000000000008 /* QRScannerViewController.swift */ = {isa = PBXFileReference; lastKnownFileType = sourcecode.swift; path = QRScannerViewController.swift; sourceTree = "<group>"; };
		F400000000000000000009 /* MyQRCodeViewController.swift */ = {isa = PBXFileReference; lastKnownFileType = sourcecode.swift; path = MyQRCodeViewController.swift; sourceTree = "<group>"; };
		F40000000000000000000A /* PKRelationService.swift */ = {isa = PBXFileReference; lastKnownFileType = sourcecode.swift; path = PKRelationService.swift; sourceTree = "<group>"; };
		F40000000000000000000B /* PKBindingCoordinator.swift */ = {isa = PBXFileReference; lastKnownFileType = sourcecode.swift; path = PKBindingCoordinator.swift; sourceTree = "<group>"; };
		F410000000000000000001 /* AvatarStore.swift */ = {isa = PBXFileReference; lastKnownFileType = sourcecode.swift; path = AvatarStore.swift; sourceTree = "<group>"; };
		F410000000000000000002 /* AvatarView.swift */ = {isa = PBXFileReference; lastKnownFileType = sourcecode.swift; path = AvatarView.swift; sourceTree = "<group>"; };
		F410000000000000000003 /* ProfileView.swift */ = {isa = PBXFileReference; lastKnownFileType = sourcecode.swift; path = ProfileView.swift; sourceTree = "<group>"; };
		F410000000000000000010 /* ProfileStore.swift */ = {isa = PBXFileReference; lastKnownFileType = sourcecode.swift; path = ProfileStore.swift; sourceTree = "<group>"; };
		F410000000000000000011 /* GoalView.swift */ = {isa = PBXFileReference; lastKnownFileType = sourcecode.swift; path = GoalView.swift; sourceTree = "<group>"; };
		F410000000000000000012 /* WeightTrendView.swift */ = {isa = PBXFileReference; lastKnownFileType = sourcecode.swift; path = WeightTrendView.swift; sourceTree = "<group>"; };
		F410000000000000000013 /* AchievementView.swift */ = {isa = PBXFileReference; lastKnownFileType = sourcecode.swift; path = AchievementView.swift; sourceTree = "<group>"; };
		F410000000000000000014 /* WorkoutPlanView.swift */ = {isa = PBXFileReference; lastKnownFileType = sourcecode.swift; path = WorkoutPlanView.swift; sourceTree = "<group>"; };
		F410000000000000000015 /* ReminderView.swift */ = {isa = PBXFileReference; lastKnownFileType = sourcecode.swift; path = ReminderView.swift; sourceTree = "<group>"; };
		F410000000000000000016 /* AccountSettingsView.swift */ = {isa = PBXFileReference; lastKnownFileType = sourcecode.swift; path = AccountSettingsView.swift; sourceTree = "<group>"; };
		F700000000000000000001 /* RepositoryProtocol.swift */ = {isa = PBXFileReference; lastKnownFileType = sourcecode.swift; path = RepositoryProtocol.swift; sourceTree = "<group>"; };
		F700000000000000000002 /* MockRepository.swift */ = {isa = PBXFileReference; lastKnownFileType = sourcecode.swift; path = MockRepository.swift; sourceTree = "<group>"; };
		F700000000000000000003 /* RemoteRepository.swift */ = {isa = PBXFileReference; lastKnownFileType = sourcecode.swift; path = RemoteRepository.swift; sourceTree = "<group>"; };
		X2A0000000000000000A0 /* FoodNutritionModel.swift */ = {isa = PBXFileReference; lastKnownFileType = sourcecode.swift; path = FoodNutritionModel.swift; sourceTree = "<group>"; };
		X2A0000000000000000A1 /* VisionSegmentationHelper.swift */ = {isa = PBXFileReference; lastKnownFileType = sourcecode.swift; path = VisionSegmentationHelper.swift; sourceTree = "<group>"; };
		X2A0000000000000000A2 /* FoodNutritionService.swift */ = {isa = PBXFileReference; lastKnownFileType = sourcecode.swift; path = FoodNutritionService.swift; sourceTree = "<group>"; };
		X2A0000000000000000A3 /* EmojiStickerGenerator.swift */ = {isa = PBXFileReference; lastKnownFileType = sourcecode.swift; path = EmojiStickerGenerator.swift; sourceTree = "<group>"; };
		X2A0000000000000000A4 /* FoodStickerCaptureProcessor.swift */ = {isa = PBXFileReference; lastKnownFileType = sourcecode.swift; path = FoodStickerCaptureProcessor.swift; sourceTree = "<group>"; };
		X2A0000000000000000A5 /* FoodStickerResultViewController.swift */ = {isa = PBXFileReference; lastKnownFileType = sourcecode.swift; path = FoodStickerResultViewController.swift; sourceTree = "<group>"; };
		X2A0000000000000000A6 /* StickerResultView.swift */ = {isa = PBXFileReference; lastKnownFileType = sourcecode.swift; path = StickerResultView.swift; sourceTree = "<group>"; };
/* End PBXFileReference section */

/* Begin PBXFrameworksBuildPhase section */
		P300000000000000000001 /* Frameworks */ = {
			isa = PBXFrameworksBuildPhase;
			buildActionMask = 2147483647;
			files = (
			);
			runOnlyForDeploymentPostprocessing = 0;
		};
/* End PBXFrameworksBuildPhase section */

/* Begin PBXGroup section */
		G000000000000000000001 = {
			isa = PBXGroup;
			children = (
				G100000000000000000001 /* FoodSticker */,
				G120000000000000000001 /* Products */,
			);
			sourceTree = "<group>";
		};
		G100000000000000000001 /* FoodSticker */ = {
			isa = PBXGroup;
			children = (
				G110000000000000000001 /* App */,
				G110000000000000000002 /* Camera */,
				G110000000000000000003 /* ML */,
				G110000000000000000004 /* Cloud */,
				G110000000000000000005 /* Nutrition */,
				G110000000000000000006 /* Pipeline */,
				G110000000000000000007 /* Sticker */,
				G110000000000000000008 /* Results */,
				G110000000000000000009 /* Resources */,
				G11000000000000000000A /* Data */,
				G11000000000000000000B /* Tabs */,
				G110000000000000000013 /* Shared */,
				G110000000000000000014 /* Fonts */,
				G400000000000000000001 /* Auth */,
				G400000000000000000002 /* QR */,
			);
			path = FoodSticker;
			sourceTree = "<group>";
		};
		G110000000000000000001 /* App */ = {
			isa = PBXGroup;
			children = (
				F100000000000000000001 /* AppDelegate.swift */,
				F100000000000000000002 /* SceneDelegate.swift */,
				F100000000000000000003 /* Router.swift */,
				F10000000000000000000F /* MainTabBarController.swift */,
				F100000000000000000022 /* AppFont.swift */,
				F100000000000000000023 /* CameraPage.swift */,
			);
			path = App;
			sourceTree = "<group>";
		};
		G110000000000000000002 /* Camera */ = {
			isa = PBXGroup;
			children = (
				F100000000000000000004 /* CameraViewController.swift */,
			);
			path = Camera;
			sourceTree = "<group>";
		};
		G110000000000000000003 /* ML */ = {
			isa = PBXGroup;
			children = (
				F100000000000000000007 /* ImageTensorUtils.swift */,
				F100000000000000000008 /* MattingEngine.swift */,
				X2A0000000000000000A1 /* VisionSegmentationHelper.swift */,
			);
			path = ML;
			sourceTree = "<group>";
		};
		G110000000000000000004 /* Cloud */ = {
			isa = PBXGroup;
			children = (
				F100000000000000000009 /* CloudAPI.swift */,
				X2A0000000000000000A2 /* FoodNutritionService.swift */,
				X2A0000000000000000A3 /* EmojiStickerGenerator.swift */,
			);
			path = Cloud;
			sourceTree = "<group>";
		};
		G110000000000000000005 /* Nutrition */ = {
			isa = PBXGroup;
			children = (
				F10000000000000000000A /* NutritionDB.swift */,
				X2A0000000000000000A0 /* FoodNutritionModel.swift */,
			);
			path = Nutrition;
			sourceTree = "<group>";
		};
		G110000000000000000006 /* Pipeline */ = {
			isa = PBXGroup;
			children = (
				X2A0000000000000000A4 /* FoodStickerCaptureProcessor.swift */,
			);
			path = Pipeline;
			sourceTree = "<group>";
		};
		G110000000000000000007 /* Sticker */ = {
			isa = PBXGroup;
			children = (
			);
			path = Sticker;
			sourceTree = "<group>";
		};
		G110000000000000000008 /* Results */ = {
			isa = PBXGroup;
			children = (
				X2A0000000000000000A5 /* FoodStickerResultViewController.swift */,
				X2A0000000000000000A6 /* StickerResultView.swift */,
			);
			path = Results;
			sourceTree = "<group>";
		};
		G110000000000000000009 /* Resources */ = {
			isa = PBXGroup;
			children = (
				F200000000000000000001 /* Assets.xcassets */,
				F200000000000000000002 /* LaunchScreen.storyboard */,
				F200000000000000000003 /* Info.plist */,
				F200000000000000000006 /* MobileSAMDecoder.mlpackage */,
				F200000000000000000007 /* MobileSAMEncoder.mlpackage */,
				F200000000000000000009 /* nutrition.db */,
			);
			path = Resources;
			sourceTree = "<group>";
		};
		G11000000000000000000A /* Data */ = {
			isa = PBXGroup;
			children = (
				F10000000000000000000E /* AppDataStore.swift */,
				F700000000000000000001 /* RepositoryProtocol.swift */,
				F700000000000000000002 /* MockRepository.swift */,
				F700000000000000000003 /* RemoteRepository.swift */,
			);
			path = Data;
			sourceTree = "<group>";
		};
		G11000000000000000000B /* Tabs */ = {
			isa = PBXGroup;
			children = (
				G11000000000000000000C /* Home */,
				G11000000000000000000D /* PK */,
				G11000000000000000000E /* Card */,
				G11000000000000000000F /* Profile */,
				G110000000000000000010 /* Record */,
				G110000000000000000011 /* Stomach */,
			);
			path = Tabs;
			sourceTree = "<group>";
		};
		G11000000000000000000C /* Home */ = {
			isa = PBXGroup;
			children = (
				F100000000000000000016 /* HomeDesignTokens.swift */,
				F10000000000000000001D /* HomeView.swift */,
				F100000000000000000010 /* HomeViewController.swift */,
				G110000000000000000012 /* Components */,
			);
			path = Home;
			sourceTree = "<group>";
		};
		G11000000000000000000D /* PK */ = {
			isa = PBXGroup;
			children = (
				F100000000000000000011 /* PKViewController.swift */,
				F100000000000000000021 /* PKPage.swift */,
				F40000000000000000000A /* PKRelationService.swift */,
				F40000000000000000000B /* PKBindingCoordinator.swift */,
			);
			path = PK;
			sourceTree = "<group>";
		};
		G11000000000000000000E /* Card */ = {
			isa = PBXGroup;
			children = (
				F100000000000000000012 /* CardViewController.swift */,
				F100000000000000000020 /* CardPage.swift */,
			);
			path = Card;
			sourceTree = "<group>";
		};
		G11000000000000000000F /* Profile */ = {
			isa = PBXGroup;
			children = (
				F100000000000000000013 /* ProfileViewController.swift */,
				F410000000000000000003 /* ProfileView.swift */,
				F410000000000000000010 /* ProfileStore.swift */,
				F410000000000000000011 /* GoalView.swift */,
				F410000000000000000012 /* WeightTrendView.swift */,
				F410000000000000000013 /* AchievementView.swift */,
				F410000000000000000014 /* WorkoutPlanView.swift */,
				F410000000000000000015 /* ReminderView.swift */,
				F410000000000000000016 /* AccountSettingsView.swift */,
			);
			path = Profile;
			sourceTree = "<group>";
		};
		G110000000000000000010 /* Record */ = {
			isa = PBXGroup;
			children = (
				F100000000000000000014 /* RecordViewController.swift */,
			);
			path = Record;
			sourceTree = "<group>";
		};
		G110000000000000000011 /* Stomach */ = {
			isa = PBXGroup;
			children = (
				F100000000000000000015 /* StomachViewController.swift */,
			);
			path = Stomach;
			sourceTree = "<group>";
		};
		G110000000000000000012 /* Components */ = {
			isa = PBXGroup;
			children = (
				F10000000000000000001B /* SharedViews.swift */,
				F100000000000000000017 /* TopBarView.swift */,
				F100000000000000000018 /* PKCardView.swift */,
				F100000000000000000019 /* CalorieCardView.swift */,
				F10000000000000000001A /* ActionRowView.swift */,
				F10000000000000000001C /* WeightRowView.swift */,
				F10000000000000000001F /* HomeModals.swift */,
			);
			path = Components;
			sourceTree = "<group>";
		};
		G110000000000000000013 /* Shared */ = {
			isa = PBXGroup;
			children = (
				F10000000000000000001E /* LucideIcons.swift */,
				F410000000000000000001 /* AvatarStore.swift */,
				F410000000000000000002 /* AvatarView.swift */,
			);
			path = Shared;
			sourceTree = "<group>";
		};
		G110000000000000000014 /* Fonts */ = {
			isa = PBXGroup;
			children = (
				F20000000000000000000A /* SourceSerif4-Regular.ttf */,
				F20000000000000000000B /* SourceSerif4-Semibold.ttf */,
				F20000000000000000000C /* SourceSerif4-Bold.ttf */,
				F20000000000000000000D /* Inter-Variable.ttf */,
				F20000000000000000000E /* NotoSansSC-Variable.ttf */,
				F20000000000000000000F /* NotoSerifSC-Regular.ttf */,
				F200000000000000000010 /* NotoSerifSC-Bold.ttf */,
			);
			path = Fonts;
			sourceTree = "<group>";
		};
		G120000000000000000001 /* Products */ = {
			isa = PBXGroup;
			children = (
				F300000000000000000001 /* FoodStickerApp.app */,
			);
			name = Products;
			sourceTree = "<group>";
		};
		G400000000000000000001 /* Auth */ = {
			isa = PBXGroup;
			children = (
				F400000000000000000001 /* AuthModels.swift */,
				F400000000000000000002 /* MockAuthProvider.swift */,
				F400000000000000000003 /* AuthService.swift */,
				F400000000000000000004 /* AuthCoordinator.swift */,
				F400000000000000000005 /* AuthGateViewController.swift */,
				F400000000000000000006 /* RegisterViewController.swift */,
			);
			path = Auth;
			sourceTree = "<group>";
		};
		G400000000000000000002 /* QR */ = {
			isa = PBXGroup;
			children = (
				F400000000000000000007 /* QRCoder.swift */,
				F400000000000000000008 /* QRScannerViewController.swift */,
				F400000000000000000009 /* MyQRCodeViewController.swift */,
			);
			path = QR;
			sourceTree = "<group>";
		};
/* End PBXGroup section */

/* Begin PBXNativeTarget section */
		T000000000000000000001 /* FoodStickerApp */ = {
			isa = PBXNativeTarget;
			buildConfigurationList = C000000000000000000001 /* Build configuration list for PBXNativeTarget "FoodStickerApp" */;
			buildPhases = (
				P100000000000000000001 /* Sources */,
				P300000000000000000001 /* Frameworks */,
				P200000000000000000001 /* Resources */,
			);
			buildRules = (
			);
			dependencies = (
			);
			name = FoodStickerApp;
			productName = FoodStickerApp;
			productReference = F300000000000000000001 /* FoodStickerApp.app */;
			productType = "com.apple.product-type.application";
		};
/* End PBXNativeTarget section */

/* Begin PBXProject section */
		X000000000000000000001 /* Project object */ = {
			isa = PBXProject;
			attributes = {
				BuildIndependentTargetsInParallel = 1;
				LastSwiftUpdateCheck = 1500;
				LastUpgradeCheck = 2700;
				TargetAttributes = {
					T000000000000000000001 = {
						CreatedOnToolsVersion = 15.0;
					};
				};
			};
			buildConfigurationList = C000000000000000000002 /* Build configuration list for PBXProject "FoodStickerApp" */;
			compatibilityVersion = "Xcode 14.0";
			developmentRegion = en;
			hasScannedForEncodings = 0;
			knownRegions = (
				en,
				Base,
			);
			mainGroup = G000000000000000000001;
			productRefGroup = G120000000000000000001 /* Products */;
			projectDirPath = "";
			projectRoot = "";
			targets = (
				T000000000000000000001 /* FoodStickerApp */,
			);
		};
/* End PBXProject section */

/* Begin PBXResourcesBuildPhase section */
		P200000000000000000001 /* Resources */ = {
			isa = PBXResourcesBuildPhase;
			buildActionMask = 2147483647;
			files = (
				B200000000000000000001 /* Assets.xcassets in Resources */,
				B200000000000000000002 /* LaunchScreen.storyboard in Resources */,
				B200000000000000000005 /* MobileSAMDecoder.mlpackage in Resources */,
				B200000000000000000006 /* MobileSAMEncoder.mlpackage in Resources */,
				B200000000000000000008 /* nutrition.db in Resources */,
				B200000000000000000009 /* SourceSerif4-Regular.ttf in Resources */,
				B20000000000000000000A /* SourceSerif4-Semibold.ttf in Resources */,
				B20000000000000000000B /* SourceSerif4-Bold.ttf in Resources */,
				B20000000000000000000C /* Inter-Variable.ttf in Resources */,
				B20000000000000000000D /* NotoSansSC-Variable.ttf in Resources */,
				B20000000000000000000E /* NotoSerifSC-Regular.ttf in Resources */,
				B20000000000000000000F /* NotoSerifSC-Bold.ttf in Resources */,
			);
			runOnlyForDeploymentPostprocessing = 0;
		};
/* End PBXResourcesBuildPhase section */

/* Begin PBXSourcesBuildPhase section */
		P100000000000000000001 /* Sources */ = {
			isa = PBXSourcesBuildPhase;
			buildActionMask = 2147483647;
			files = (
				X1A0000000000000000A0 /* FoodNutritionModel.swift in Sources */,
				X1A0000000000000000A1 /* VisionSegmentationHelper.swift in Sources */,
				X1A0000000000000000A2 /* FoodNutritionService.swift in Sources */,
				X1A0000000000000000A3 /* EmojiStickerGenerator.swift in Sources */,
				X1A0000000000000000A4 /* FoodStickerCaptureProcessor.swift in Sources */,
				X1A0000000000000000A5 /* FoodStickerResultViewController.swift in Sources */,
				X1A0000000000000000A6 /* StickerResultView.swift in Sources */,
				B400000000000000000001 /* AuthModels.swift in Sources */,
				B400000000000000000002 /* MockAuthProvider.swift in Sources */,
				B400000000000000000003 /* AuthService.swift in Sources */,
				B400000000000000000004 /* AuthCoordinator.swift in Sources */,
				B400000000000000000005 /* AuthGateViewController.swift in Sources */,
				B400000000000000000006 /* RegisterViewController.swift in Sources */,
				B400000000000000000007 /* QRCoder.swift in Sources */,
				B400000000000000000008 /* QRScannerViewController.swift in Sources */,
				B400000000000000000009 /* MyQRCodeViewController.swift in Sources */,
				B40000000000000000000A /* PKRelationService.swift in Sources */,
				B40000000000000000000B /* PKBindingCoordinator.swift in Sources */,
				B410000000000000000010 /* ProfileStore.swift in Sources */,
				B410000000000000000011 /* GoalView.swift in Sources */,
				B410000000000000000012 /* WeightTrendView.swift in Sources */,
				B410000000000000000013 /* AchievementView.swift in Sources */,
				B410000000000000000014 /* WorkoutPlanView.swift in Sources */,
				B410000000000000000015 /* ReminderView.swift in Sources */,
				B410000000000000000016 /* AccountSettingsView.swift in Sources */,
				B100000000000000000001 /* AppDelegate.swift in Sources */,
				B100000000000000000002 /* SceneDelegate.swift in Sources */,
				B100000000000000000003 /* Router.swift in Sources */,
				B100000000000000000004 /* CameraViewController.swift in Sources */,
				B100000000000000000007 /* ImageTensorUtils.swift in Sources */,
				B100000000000000000008 /* MattingEngine.swift in Sources */,
				B100000000000000000009 /* CloudAPI.swift in Sources */,
				B10000000000000000000A /* NutritionDB.swift in Sources */,
				B10000000000000000000E /* AppDataStore.swift in Sources */,
				B700000000000000000001 /* RepositoryProtocol.swift in Sources */,
				B700000000000000000002 /* MockRepository.swift in Sources */,
				B700000000000000000003 /* RemoteRepository.swift in Sources */,
				B10000000000000000000F /* MainTabBarController.swift in Sources */,
				B100000000000000000010 /* HomeViewController.swift in Sources */,
				B100000000000000000011 /* PKViewController.swift in Sources */,
				B100000000000000000021 /* PKPage.swift in Sources */,
				B100000000000000000012 /* CardViewController.swift in Sources */,
				B100000000000000000013 /* ProfileViewController.swift in Sources */,
				B410000000000000000003 /* ProfileView.swift in Sources */,
				B100000000000000000014 /* RecordViewController.swift in Sources */,
				B100000000000000000015 /* StomachViewController.swift in Sources */,
				B100000000000000000016 /* HomeDesignTokens.swift in Sources */,
				B100000000000000000017 /* TopBarView.swift in Sources */,
				B100000000000000000018 /* PKCardView.swift in Sources */,
				B100000000000000000020 /* CardPage.swift in Sources */,
				B100000000000000000019 /* CalorieCardView.swift in Sources */,
				B10000000000000000001A /* ActionRowView.swift in Sources */,
				B10000000000000000001B /* SharedViews.swift in Sources */,
				B10000000000000000001C /* WeightRowView.swift in Sources */,
				B10000000000000000001D /* HomeView.swift in Sources */,
				B10000000000000000001E /* LucideIcons.swift in Sources */,
				B10000000000000000001F /* HomeModals.swift in Sources */,
				B100000000000000000022 /* AppFont.swift in Sources */,
				B410000000000000000001 /* AvatarStore.swift in Sources */,
				B410000000000000000002 /* AvatarView.swift in Sources */,
				B100000000000000000023 /* CameraPage.swift in Sources */,
			);
			runOnlyForDeploymentPostprocessing = 0;
		};
/* End PBXSourcesBuildPhase section */

/* Begin XCBuildConfiguration section */
		C100000000000000000001 /* Debug */ = {
			isa = XCBuildConfiguration;
			buildSettings = {
				ALWAYS_SEARCH_USER_PATHS = NO;
				CLANG_ANALYZER_NONNULL = YES;
				CLANG_ENABLE_MODULES = YES;
				CLANG_ENABLE_OBJC_ARC = YES;
				CLANG_WARN_BLOCK_CAPTURE_AUTORELEASING = YES;
				CLANG_WARN_BOOL_CONVERSION = YES;
				CLANG_WARN_COMMA = YES;
				CLANG_WARN_CONSTANT_CONVERSION = YES;
				CLANG_WARN_DEPRECATED_OBJC_IMPLEMENTATIONS = YES;
				CLANG_WARN_EMPTY_BODY = YES;
				CLANG_WARN_ENUM_CONVERSION = YES;
				CLANG_WARN_INFINITE_RECURSION = YES;
				CLANG_WARN_INT_CONVERSION = YES;
				CLANG_WARN_NON_LITERAL_NULL_CONVERSION = YES;
				CLANG_WARN_OBJC_IMPLICIT_RETAIN_SELF = YES;
				CLANG_WARN_OBJC_LITERAL_CONVERSION = YES;
				CLANG_WARN_QUOTED_INCLUDE_IN_FRAMEWORK_HEADER = YES;
				CLANG_WARN_RANGE_LOOP_ANALYSIS = YES;
				CLANG_WARN_STRICT_PROTOTYPES = YES;
				CLANG_WARN_SUSPICIOUS_MOVE = YES;
				CLANG_WARN_UNREACHABLE_CODE = YES;
				CLANG_WARN__DUPLICATE_METHOD_MATCH = YES;
				COPY_PHASE_STRIP = NO;
				DEBUG_INFORMATION_FORMAT = dwarf;
				DEVELOPMENT_TEAM = 4JP57RB9WM;
				ENABLE_STRICT_OBJC_MSGSEND = YES;
				ENABLE_TESTABILITY = YES;
				ENABLE_USER_SCRIPT_SANDBOXING = YES;
				GCC_C_LANGUAGE_STANDARD = gnu17;
				GCC_DYNAMIC_NO_PIC = NO;
				GCC_NO_COMMON_BLOCKS = YES;
				GCC_OPTIMIZATION_LEVEL = 0;
				GCC_PREPROCESSOR_DEFINITIONS = (
					"DEBUG=1",
					"$(inherited)",
				);
				GCC_WARN_64_TO_32_BIT_CONVERSION = YES;
				GCC_WARN_ABOUT_RETURN_TYPE = YES;
				GCC_WARN_UNDECLARED_SELECTOR = YES;
				GCC_WARN_UNINITIALIZED_AUTOS = YES;
				GCC_WARN_UNUSED_FUNCTION = YES;
				GCC_WARN_UNUSED_VARIABLE = YES;
				IPHONEOS_DEPLOYMENT_TARGET = 16.0;
				MTL_ENABLE_DEBUG_INFO = INCLUDE_SOURCE;
				MTL_FAST_MATH = YES;
				ONLY_ACTIVE_ARCH = YES;
				SDKROOT = iphoneos;
				STRING_CATALOG_GENERATE_SYMBOLS = YES;
				SWIFT_ACTIVE_COMPILATION_CONDITIONS = DEBUG;
				SWIFT_OPTIMIZATION_LEVEL = "-Onone";
			};
			name = Debug;
		};
		C100000000000000000002 /* Release */ = {
			isa = XCBuildConfiguration;
			buildSettings = {
				ALWAYS_SEARCH_USER_PATHS = NO;
				CLANG_ANALYZER_NONNULL = YES;
				CLANG_ENABLE_MODULES = YES;
				CLANG_ENABLE_OBJC_ARC = YES;
				CLANG_WARN_BLOCK_CAPTURE_AUTORELEASING = YES;
				CLANG_WARN_BOOL_CONVERSION = YES;
				CLANG_WARN_COMMA = YES;
				CLANG_WARN_CONSTANT_CONVERSION = YES;
				CLANG_WARN_DEPRECATED_OBJC_IMPLEMENTATIONS = YES;
				CLANG_WARN_EMPTY_BODY = YES;
				CLANG_WARN_ENUM_CONVERSION = YES;
				CLANG_WARN_INFINITE_RECURSION = YES;
				CLANG_WARN_INT_CONVERSION = YES;
				CLANG_WARN_NON_LITERAL_NULL_CONVERSION = YES;
				CLANG_WARN_OBJC_IMPLICIT_RETAIN_SELF = YES;
				CLANG_WARN_OBJC_LITERAL_CONVERSION = YES;
				CLANG_WARN_QUOTED_INCLUDE_IN_FRAMEWORK_HEADER = YES;
				CLANG_WARN_RANGE_LOOP_ANALYSIS = YES;
				CLANG_WARN_STRICT_PROTOTYPES = YES;
				CLANG_WARN_SUSPICIOUS_MOVE = YES;
				CLANG_WARN_UNREACHABLE_CODE = YES;
				CLANG_WARN__DUPLICATE_METHOD_MATCH = YES;
				COPY_PHASE_STRIP = NO;
				DEBUG_INFORMATION_FORMAT = "dwarf-with-dsym";
				DEVELOPMENT_TEAM = 4JP57RB9WM;
				ENABLE_NS_ASSERTIONS = NO;
				ENABLE_STRICT_OBJC_MSGSEND = YES;
				ENABLE_USER_SCRIPT_SANDBOXING = YES;
				GCC_C_LANGUAGE_STANDARD = gnu17;
				GCC_NO_COMMON_BLOCKS = YES;
				GCC_OPTIMIZATION_LEVEL = s;
				GCC_WARN_64_TO_32_BIT_CONVERSION = YES;
				GCC_WARN_ABOUT_RETURN_TYPE = YES;
				GCC_WARN_UNDECLARED_SELECTOR = YES;
				GCC_WARN_UNINITIALIZED_AUTOS = YES;
				GCC_WARN_UNUSED_FUNCTION = YES;
				GCC_WARN_UNUSED_VARIABLE = YES;
				IPHONEOS_DEPLOYMENT_TARGET = 16.0;
				MTL_ENABLE_DEBUG_INFO = NO;
				MTL_FAST_MATH = YES;
				SDKROOT = iphoneos;
				STRING_CATALOG_GENERATE_SYMBOLS = YES;
				SWIFT_COMPILATION_MODE = wholemodule;
				SWIFT_OPTIMIZATION_LEVEL = "-O";
				VALIDATE_PRODUCT = YES;
			};
			name = Release;
		};
		C200000000000000000001 /* Debug */ = {
			isa = XCBuildConfiguration;
			buildSettings = {
				ASSETCATALOG_COMPILER_APPICON_NAME = AppIcon;
				ASSETCATALOG_COMPILER_GLOBAL_ACCENT_COLOR_NAME = AccentColor;
				CODE_SIGN_STYLE = Automatic;
				CURRENT_PROJECT_VERSION = 1;
				DEVELOPMENT_TEAM = 4JP57RB9WM;
				ENABLE_BITCODE = NO;
				GENERATE_INFOPLIST_FILE = NO;
				INFOPLIST_FILE = FoodSticker/Resources/Info.plist;
				IPHONEOS_DEPLOYMENT_TARGET = 16.0;
				LD_RUNPATH_SEARCH_PATHS = (
					"$(inherited)",
					"@executable_path/Frameworks",
				);
				MARKETING_VERSION = 1.0;
				PRODUCT_BUNDLE_IDENTIFIER = com.yourcompany.foodsticker;
				PRODUCT_NAME = "$(TARGET_NAME)";
				SWIFT_EMIT_LOC_STRINGS = YES;
				SWIFT_VERSION = 5.9;
				TARGETED_DEVICE_FAMILY = "1,2";
			};
			name = Debug;
		};
		C200000000000000000002 /* Release */ = {
			isa = XCBuildConfiguration;
			buildSettings = {
				ASSETCATALOG_COMPILER_APPICON_NAME = AppIcon;
				ASSETCATALOG_COMPILER_GLOBAL_ACCENT_COLOR_NAME = AccentColor;
				CODE_SIGN_STYLE = Automatic;
				CURRENT_PROJECT_VERSION = 1;
				DEVELOPMENT_TEAM = 4JP57RB9WM;
				ENABLE_BITCODE = NO;
				GENERATE_INFOPLIST_FILE = NO;
				INFOPLIST_FILE = FoodSticker/Resources/Info.plist;
				IPHONEOS_DEPLOYMENT_TARGET = 16.0;
				LD_RUNPATH_SEARCH_PATHS = (
					"$(inherited)",
					"@executable_path/Frameworks",
				);
				MARKETING_VERSION = 1.0;
				PRODUCT_BUNDLE_IDENTIFIER = com.yourcompany.foodsticker;
				PRODUCT_NAME = "$(TARGET_NAME)";
				SWIFT_EMIT_LOC_STRINGS = YES;
				SWIFT_VERSION = 5.9;
				TARGETED_DEVICE_FAMILY = "1,2";
				VALIDATE_PRODUCT = YES;
			};
			name = Release;
		};
/* End XCBuildConfiguration section */

/* Begin XCConfigurationList section */
		C000000000000000000001 /* Build configuration list for PBXNativeTarget "FoodStickerApp" */ = {
			isa = XCConfigurationList;
			buildConfigurations = (
				C200000000000000000001 /* Debug */,
				C200000000000000000002 /* Release */,
			);
			defaultConfigurationIsVisible = 0;
			defaultConfigurationName = Release;
		};
		C000000000000000000002 /* Build configuration list for PBXProject "FoodStickerApp" */ = {
			isa = XCConfigurationList;
			buildConfigurations = (
				C100000000000000000001 /* Debug */,
				C100000000000000000002 /* Release */,
			);
			defaultConfigurationIsVisible = 0;
			defaultConfigurationName = Release;
		};
/* End XCConfigurationList section */
	};
	rootObject = X000000000000000000001 /* Project object */;
}
